
Microsoft Visual Studio Solution File, Format Version 12.00
# Visual Studio Version 17
VisualStudioVersion = 17.7.34024.191
MinimumVisualStudioVersion = 10.0.40219.1
Project("{9A19103F-16F7-4668-BE54-9A1E7A4F7556}") = "HackerNewsAPi", "HackerNewsAPi\HackerNewsAPi.csproj", "{CF5CA252-6DEC-48C8-B0B2-A808AD0FBC3D}"
EndProject
Project("{FAE04EC0-301F-11D3-BF4B-00C04F79EFBC}") = "HackerNewsApi_Test", "HackerNewsApi_Test\HackerNewsApi_Test.csproj", "{0049E3FB-A5AC-4F4B-8FBF-AD1847A71A94}"
EndProject
Global
	GlobalSection(SolutionConfigurationPlatforms) = preSolution
		Debug|Any CPU = Debug|Any CPU
		Release|Any CPU = Release|Any CPU
	EndGlobalSection
	GlobalSection(ProjectConfigurationPlatforms) = postSolution
		{CF5CA252-6DEC-48C8-B0B2-A808AD0FBC3D}.Debug|Any CPU.ActiveCfg = Debug|Any CPU
		{CF5CA252-6DEC-48C8-B0B2-A808AD0FBC3D}.Debug|Any CPU.Build.0 = Debug|Any CPU
		{CF5CA252-6DEC-48C8-B0B2-A808AD0FBC3D}.Release|Any CPU.ActiveCfg = Release|Any CPU
		{CF5CA252-6DEC-48C8-B0B2-A808AD0FBC3D}.Release|Any CPU.Build.0 = Release|Any CPU
		{0049E3FB-A5AC-4F4B-8FBF-AD1847A71A94}.Debug|Any CPU.ActiveCfg = Debug|Any CPU
		{0049E3FB-A5AC-4F4B-8FBF-AD1847A71A94}.Debug|Any CPU.Build.0 = Debug|Any CPU
		{0049E3FB-A5AC-4F4B-8FBF-AD1847A71A94}.Release|Any CPU.ActiveCfg = Release|Any CPU
		{0049E3FB-A5AC-4F4B-8FBF-AD1847A71A94}.Release|Any CPU.Build.0 = Release|Any CPU
	EndGlobalSection
	GlobalSection(SolutionProperties) = preSolution
		HideSolutionNode = FALSE
	EndGlobalSection
	GlobalSection(ExtensibilityGlobals) = postSolution
		SolutionGuid = {C975A118-8EE6-4882-A091-7190AB6BAF34}
	EndGlobalSection
EndGlobal
